// !$*UTF8*$!
{
	archiveVersion = 1;
	classes = {
	};
	objectVersion = 46;
	objects = {

/* Begin PBXBuildFile section */
		F3165DE61AC52DF200685406 /* main.m in Sources */ = {isa = PBXBuildFile; fileRef = F3165DE51AC52DF200685406 /* main.m */; };
		F3165DE91AC52DF200685406 /* AppDelegate.m in Sources */ = {isa = PBXBuildFile; fileRef = F3165DE81AC52DF200685406 /* AppDelegate.m */; };
		F3165DEC1AC52DF200685406 /* ViewController.m in Sources */ = {isa = PBXBuildFile; fileRef = F3165DEB1AC52DF200685406 /* ViewController.m */; };
		F3165DEF1AC52DF200685406 /* Main.storyboard in Resources */ = {isa = PBXBuildFile; fileRef = F3165DED1AC52DF200685406 /* Main.storyboard */; };
		F3165DF11AC52DF200685406 /* Images.xcassets in Resources */ = {isa = PBXBuildFile; fileRef = F3165DF01AC52DF200685406 /* Images.xcassets */; };
		F3165DF41AC52DF200685406 /* LaunchScreen.xib in Resources */ = {isa = PBXBuildFile; fileRef = F3165DF21AC52DF200685406 /* LaunchScreen.xib */; };
		F3165E001AC52DF200685406 /* happyMoneyTests.m in Sources */ = {isa = PBXBuildFile; fileRef = F3165DFF1AC52DF200685406 /* happyMoneyTests.m */; };
/* End PBXBuildFile section */

/* Begin PBXContainerItemProxy section */
		F3165DFA1AC52DF200685406 /* PBXContainerItemProxy */ = {
			isa = PBXContainerItemProxy;
			containerPortal = F3165DD81AC52DF200685406 /* Project object */;
			proxyType = 1;
			remoteGlobalIDString = F3165DDF1AC52DF200685406;
			remoteInfo = happyMoney;
		};
/* End PBXContainerItemProxy section */

/* Begin PBXFileReference section */
		F3165DE01AC52DF200685406 /* happyMoney.app */ = {isa = PBXFileReference; explicitFileType = wrapper.application; includeInIndex = 0; path = happyMoney.app; sourceTree = BUILT_PRODUCTS_DIR; };
		F3165DE41AC52DF200685406 /* Info.plist */ = {isa = PBXFileReference; lastKnownFileType = text.plist.xml; path = Info.plist; sourceTree = "<group>"; };
		F3165DE51AC52DF200685406 /* main.m */ = {isa = PBXFileReference; lastKnownFileType = sourcecode.c.objc; path = main.m; sourceTree = "<group>"; };
		F3165DE71AC52DF200685406 /* AppDelegate.h */ = {isa = PBXFileReference; lastKnownFileType = sourcecode.c.h; path = AppDelegate.h; sourceTree = "<group>"; };
		F3165DE81AC52DF200685406 /* AppDelegate.m */ = {isa = PBXFileReference; lastKnownFileType = sourcecode.c.objc; path = AppDelegate.m; sourceTree = "<group>"; };
		F3165DEA1AC52DF200685406 /* ViewController.h */ = {isa = PBXFileReference; lastKnownFileType = sourcecode.c.h; path = ViewController.h; sourceTree = "<group>"; };
		F3165DEB1AC52DF200685406 /* ViewController.m */ = {isa = PBXFileReference; lastKnownFileType = sourcecode.c.objc; path = ViewController.m; sourceTree = "<group>"; };
		F3165DEE1AC52DF200685406 /* Base */ = {isa = PBXFileReference; lastKnownFileType = file.storyboard; name = Base; path = Base.lproj/Main.storyboard; sourceTree = "<group>"; };
		F3165DF01AC52DF200685406 /* Images.xcassets */ = {isa = PBXFileReference; lastKnownFileType = folder.assetcatalog; path = Images.xcassets; sourceTree = "<group>"; };
		F3165DF31AC52DF200685406 /* Base */ = {isa = PBXFileReference; lastKnownFileType = file.xib; name = Base; path = Base.lproj/LaunchScreen.xib; sourceTree = "<group>"; };
		F3165DF91AC52DF200685406 /* happyMoneyTests.xctest */ = {isa = PBXFileReference; explicitFileType = wrapper.cfbundle; includeInIndex = 0; path = happyMoneyTests.xctest; sourceTree = BUILT_PRODUCTS_DIR; };
		F3165DFE1AC52DF200685406 /* Info.plist */ = {isa = PBXFileReference; lastKnownFileType = text.plist.xml; path = Info.plist; sourceTree = "<group>"; };
		F3165DFF1AC52DF200685406 /* happyMoneyTests.m */ = {isa = PBXFileReference; lastKnownFileType = sourcecode.c.objc; path = happyMoneyTests.m; sourceTree = "<group>"; };
/* End PBXFileReference section */

/* Begin PBXFrameworksBuildPhase section */
		F3165DDD1AC52DF200685406 /* Frameworks */ = {
			isa = PBXFrameworksBuildPhase;
			buildActionMask = 2147483647;
			files = (
			);
			runOnlyForDeploymentPostprocessing = 0;
		};
		F3165DF61AC52DF200685406 /* Frameworks */ = {
			isa = PBXFrameworksBuildPhase;
			buildActionMask = 2147483647;
			files = (
			);
			runOnlyForDeploymentPostprocessing = 0;
		};
/* End PBXFrameworksBuildPhase section */

/* Begin PBXGroup section */
		F3165DD71AC52DF200685406 = {
			isa = PBXGroup;
			children = (
				F3165DE21AC52DF200685406 /* happyMoney */,
				F3165DFC1AC52DF200685406 /* happyMoneyTests */,
				F3165DE11AC52DF200685406 /* Products */,
			);
			sourceTree = "<group>";
		};
		F3165DE11AC52DF200685406 /* Products */ = {
			isa = PBXGroup;
			children = (
				F3165DE01AC52DF200685406 /* happyMoney.app */,
				F3165DF91AC52DF200685406 /* happyMoneyTests.xctest */,
			);
			name = Products;
			sourceTree = "<group>";
		};
		F3165DE21AC52DF200685406 /* happyMoney */ = {
			isa = PBXGroup;
			children = (
				F3165DE71AC52DF200685406 /* AppDelegate.h */,
				F3165DE81AC52DF200685406 /* AppDelegate.m */,
				F3165DEA1AC52DF200685406 /* ViewController.h */,
				F3165DEB1AC52DF200685406 /* ViewController.m */,
				F3165DED1AC52DF200685406 /* Main.storyboard */,
				F3165DF01AC52DF200685406 /* Images.xcassets */,
				F3165DF21AC52DF200685406 /* LaunchScreen.xib */,
				F3165DE31AC52DF200685406 /* Supporting Files */,
			);
			path = happyMoney;
			sourceTree = "<group>";
		};
		F3165DE31AC52DF200685406 /* Supporting Files */ = {
			isa = PBXGroup;
			children = (
				F3165DE41AC52DF200685406 /* Info.plist */,
				F3165DE51AC52DF200685406 /* main.m */,
			);
			name = "Supporting Files";
			sourceTree = "<group>";
		};
		F3165DFC1AC52DF200685406 /* happyMoneyTests */ = {
			isa = PBXGroup;
			children = (
				F3165DFF1AC52DF200685406 /* happyMoneyTests.m */,
				F3165DFD1AC52DF200685406 /* Supporting Files */,
			);
			path = happyMoneyTests;
			sourceTree = "<group>";
		};
		F3165DFD1AC52DF200685406 /* Supporting Files */ = {
			isa = PBXGroup;
			children = (
				F3165DFE1AC52DF200685406 /* Info.plist */,
			);
			name = "Supporting Files";
			sourceTree = "<group>";
		};
/* End PBXGroup section */

/* Begin PBXNativeTarget section */
		F3165DDF1AC52DF200685406 /* happyMoney */ = {
			isa = PBXNativeTarget;
			buildConfigurationList = F3165E031AC52DF200685406 /* Build configuration list for PBXNativeTarget "happyMoney" */;
			buildPhases = (
				F3165DDC1AC52DF200685406 /* Sources */,
				F3165DDD1AC52DF200685406 /* Frameworks */,
				F3165DDE1AC52DF200685406 /* Resources */,
			);
			buildRules = (
			);
			dependencies = (
			);
			name = happyMoney;
			productName = happyMoney;
			productReference = F3165DE01AC52DF200685406 /* happyMoney.app */;
			productType = "com.apple.product-type.application";
		};
		F3165DF81AC52DF200685406 /* happyMoneyTests */ = {
			isa = PBXNativeTarget;
			buildConfigurationList = F3165E061AC52DF200685406 /* Build configuration list for PBXNativeTarget "happyMoneyTests" */;
			buildPhases = (
				F3165DF51AC52DF200685406 /* Sources */,
				F3165DF61AC52DF200685406 /* Frameworks */,
				F3165DF71AC52DF200685406 /* Resources */,
			);
			buildRules = (
			);
			dependencies = (
				F3165DFB1AC52DF200685406 /* PBXTargetDependency */,
			);
			name = happyMoneyTests;
			productName = happyMoneyTests;
			productReference = F3165DF91AC52DF200685406 /* happyMoneyTests.xctest */;
			productType = "com.apple.product-type.bundle.unit-test";
		};
/* End PBXNativeTarget section */

/* Begin PBXProject section */
		F3165DD81AC52DF200685406 /* Project object */ = {
			isa = PBXProject;
			attributes = {
				LastUpgradeCheck = 0620;
				ORGANIZATIONNAME = promo;
				TargetAttributes = {
					F3165DDF1AC52DF200685406 = {
						CreatedOnToolsVersion = 6.2;
					};
					F3165DF81AC52DF200685406 = {
						CreatedOnToolsVersion = 6.2;
						TestTargetID = F3165DDF1AC52DF200685406;
					};
				};
			};
			buildConfigurationList = F3165DDB1AC52DF200685406 /* Build configuration list for PBXProject "happyMoney" */;
			compatibilityVersion = "Xcode 3.2";
			developmentRegion = English;
			hasScannedForEncodings = 0;
			knownRegions = (
				en,
				Base,
			);
			mainGroup = F3165DD71AC52DF200685406;
			productRefGroup = F3165DE11AC52DF200685406 /* Products */;
			projectDirPath = "";
			projectRoot = "";
			targets = (
				F3165DDF1AC52DF200685406 /* happyMoney */,
				F3165DF81AC52DF200685406 /* happyMoneyTests */,
			);
		};
/* End PBXProject section */

/* Begin PBXResourcesBuildPhase section */
		F3165DDE1AC52DF200685406 /* Resources */ = {
			isa = PBXResourcesBuildPhase;
			buildActionMask = 2147483647;
			files = (
				F3165DEF1AC52DF200685406 /* Main.storyboard in Resources */,
				F3165DF41AC52DF200685406 /* LaunchScreen.xib in Resources */,
				F3165DF11AC52DF200685406 /* Images.xcassets in Resources */,
			);
			runOnlyForDeploymentPostprocessing = 0;
		};
		F3165DF71AC52DF200685406 /* Resources */ = {
			isa = PBXResourcesBuildPhase;
			buildActionMask = 2147483647;
			files = (
			);
			runOnlyForDeploymentPostprocessing = 0;
		};
/* End PBXResourcesBuildPhase section */

/* Begin PBXSourcesBuildPhase section */
		F3165DDC1AC52DF200685406 /* Sources */ = {
			isa = PBXSourcesBuildPhase;
			buildActionMask = 2147483647;
			files = (
				F3165DEC1AC52DF200685406 /* ViewController.m in Sources */,
				F3165DE91AC52DF200685406 /* AppDelegate.m in Sources */,
				F3165DE61AC52DF200685406 /* main.m in Sources */,
			);
			runOnlyForDeploymentPostprocessing = 0;
		};
		F3165DF51AC52DF200685406 /* Sources */ = {
			isa = PBXSourcesBuildPhase;
			buildActionMask = 2147483647;
			files = (
				F3165E001AC52DF200685406 /* happyMoneyTests.m in Sources */,
			);
			runOnlyForDeploymentPostprocessing = 0;
		};
/* End PBXSourcesBuildPhase section */

/* Begin PBXTargetDependency section */
		F3165DFB1AC52DF200685406 /* PBXTargetDependency */ = {
			isa = PBXTargetDependency;
			target = F3165DDF1AC52DF200685406 /* happyMoney */;
			targetProxy = F3165DFA1AC52DF200685406 /* PBXContainerItemProxy */;
		};
/* End PBXTargetDependency section */

/* Begin PBXVariantGroup section */
		F3165DED1AC52DF200685406 /* Main.storyboard */ = {
			isa = PBXVariantGroup;
			children = (
				F3165DEE1AC52DF200685406 /* Base */,
			);
			name = Main.storyboard;
			sourceTree = "<group>";
		};
		F3165DF21AC52DF200685406 /* LaunchScreen.xib */ = {
			isa = PBXVariantGroup;
			children = (
				F3165DF31AC52DF200685406 /* Base */,
			);
			name = LaunchScreen.xib;
			sourceTree = "<group>";
		};
/* End PBXVariantGroup section */

/* Begin XCBuildConfiguration section */
		F3165E011AC52DF200685406 /* Debug */ = {
			isa = XCBuildConfiguration;
			buildSettings = {
				ALWAYS_SEARCH_USER_PATHS = NO;
				CLANG_CXX_LANGUAGE_STANDARD = "gnu++0x";
				CLANG_CXX_LIBRARY = "libc++";
				CLANG_ENABLE_MODULES = YES;
				CLANG_ENABLE_OBJC_ARC = YES;
				CLANG_WARN_BOOL_CONVERSION = YES;
				CLANG_WARN_CONSTANT_CONVERSION = YES;
				CLANG_WARN_DIRECT_OBJC_ISA_USAGE = YES_ERROR;
				CLANG_WARN_EMPTY_BODY = YES;
				CLANG_WARN_ENUM_CONVERSION = YES;
				CLANG_WARN_INT_CONVERSION = YES;
				CLANG_WARN_OBJC_ROOT_CLASS = YES_ERROR;
				CLANG_WARN_UNREACHABLE_CODE = YES;
				CLANG_WARN__DUPLICATE_METHOD_MATCH = YES;
				"CODE_SIGN_IDENTITY[sdk=iphoneos*]" = "iPhone Developer";
				COPY_PHASE_STRIP = NO;
				ENABLE_STRICT_OBJC_MSGSEND = YES;
				GCC_C_LANGUAGE_STANDARD = gnu99;
				GCC_DYNAMIC_NO_PIC = NO;
				GCC_OPTIMIZATION_LEVEL = 0;
				GCC_PREPROCESSOR_DEFINITIONS = (
					"DEBUG=1",
					"$(inherited)",
				);
				GCC_SYMBOLS_PRIVATE_EXTERN = NO;
				GCC_WARN_64_TO_32_BIT_CONVERSION = YES;
				GCC_WARN_ABOUT_RETURN_TYPE = YES_ERROR;
				GCC_WARN_UNDECLARED_SELECTOR = YES;
				GCC_WARN_UNINITIALIZED_AUTOS = YES_AGGRESSIVE;
				GCC_WARN_UNUSED_FUNCTION = YES;
				GCC_WARN_UNUSED_VARIABLE = YES;
				IPHONEOS_DEPLOYMENT_TARGET = 8.2;
				MTL_ENABLE_DEBUG_INFO = YES;
				ONLY_ACTIVE_ARCH = YES;
				SDKROOT = iphoneos;
			};
			name = Debug;
		};
		F3165E021AC52DF200685406 /* Release */ = {
			isa = XCBuildConfiguration;
			buildSettings = {
				ALWAYS_SEARCH_USER_PATHS = NO;
				CLANG_CXX_LANGUAGE_STANDARD = "gnu++0x";
				CLANG_CXX_LIBRARY = "libc++";
				CLANG_ENABLE_MODULES = YES;
				CLANG_ENABLE_OBJC_ARC = YES;
				CLANG_WARN_BOOL_CONVERSION = YES;
				CLANG_WARN_CONSTANT_CONVERSION = YES;
				CLANG_WARN_DIRECT_OBJC_ISA_USAGE = YES_ERROR;
				CLANG_WARN_EMPTY_BODY = YES;
				CLANG_WARN_ENUM_CONVERSION = YES;
				CLANG_WARN_INT_CONVERSION = YES;
				CLANG_WARN_OBJC_ROOT_CLASS = YES_ERROR;
				CLANG_WARN_UNREACHABLE_CODE = YES;
				CLANG_WARN__DUPLICATE_METHOD_MATCH = YES;
				"CODE_SIGN_IDENTITY[sdk=iphoneos*]" = "iPhone Developer";
				COPY_PHASE_STRIP = NO;
				ENABLE_NS_ASSERTIONS = NO;
				ENABLE_STRICT_OBJC_MSGSEND = YES;
				GCC_C_LANGUAGE_STANDARD = gnu99;
				GCC_WARN_64_TO_32_BIT_CONVERSION = YES;
				GCC_WARN_ABOUT_RETURN_TYPE = YES_ERROR;
				GCC_WARN_UNDECLARED_SELECTOR = YES;
				GCC_WARN_UNINITIALIZED_AUTOS = YES_AGGRESSIVE;
				GCC_WARN_UNUSED_FUNCTION = YES;
				GCC_WARN_UNUSED_VARIABLE = YES;
				IPHONEOS_DEPLOYMENT_TARGET = 8.2;
				MTL_ENABLE_DEBUG_INFO = NO;
				SDKROOT = iphoneos;
				VALIDATE_PRODUCT = YES;
			};
			name = Release;
		};
		F3165E041AC52DF200685406 /* Debug */ = {
			isa = XCBuildConfiguration;
			buildSettings = {
				ASSETCATALOG_COMPILER_APPICON_NAME = AppIcon;
				INFOPLIST_FILE = happyMoney/Info.plist;
				LD_RUNPATH_SEARCH_PATHS = "$(inherited) @executable_path/Frameworks";
				PRODUCT_NAME = "$(TARGET_NAME)";
			};
			name = Debug;
		};
		F3165E051AC52DF200685406 /* Release */ = {
			isa = XCBuildConfiguration;
			buildSettings = {
				ASSETCATALOG_COMPILER_APPICON_NAME = AppIcon;
				INFOPLIST_FILE = happyMoney/Info.plist;
				LD_RUNPATH_SEARCH_PATHS = "$(inherited) @executable_path/Frameworks";
				PRODUCT_NAME = "$(TARGET_NAME)";
			};
			name = Release;
		};
		F3165E071AC52DF200685406 /* Debug */ = {
			isa = XCBuildConfiguration;
			buildSettings = {
				BUNDLE_LOADER = "$(TEST_HOST)";
				FRAMEWORK_SEARCH_PATHS = (
					"$(SDKROOT)/Developer/Library/Frameworks",
					"$(inherited)",
				);
				GCC_PREPROCESSOR_DEFINITIONS = (
					"DEBUG=1",
					"$(inherited)",
				);
				INFOPLIST_FILE = happyMoneyTests/Info.plist;
				LD_RUNPATH_SEARCH_PATHS = "$(inherited) @executable_path/Frameworks @loader_path/Frameworks";
				PRODUCT_NAME = "$(TARGET_NAME)";
				TEST_HOST = "$(BUILT_PRODUCTS_DIR)/happyMoney.app/happyMoney";
			};
			name = Debug;
		};
		F3165E081AC52DF200685406 /* Release */ = {
			isa = XCBuildConfiguration;
			buildSettings = {
				BUNDLE_LOADER = "$(TEST_HOST)";
				FRAMEWORK_SEARCH_PATHS = (
					"$(SDKROOT)/Developer/Library/Frameworks",
					"$(inherited)",
				);
				INFOPLIST_FILE = happyMoneyTests/Info.plist;
				LD_RUNPATH_SEARCH_PATHS = "$(inherited) @executable_path/Frameworks @loader_path/Frameworks";
				PRODUCT_NAME = "$(TARGET_NAME)";
				TEST_HOST = "$(BUILT_PRODUCTS_DIR)/happyMoney.app/happyMoney";
			};
			name = Release;
		};
/* End XCBuildConfiguration section */

/* Begin XCConfigurationList section */
		F3165DDB1AC52DF200685406 /* Build configuration list for PBXProject "happyMoney" */ = {
			isa = XCConfigurationList;
			buildConfigurations = (
				F3165E011AC52DF200685406 /* Debug */,
				F3165E021AC52DF200685406 /* Release */,
			);
			defaultConfigurationIsVisible = 0;
			defaultConfigurationName = Release;
		};
		F3165E031AC52DF200685406 /* Build configuration list for PBXNativeTarget "happyMoney" */ = {
			isa = XCConfigurationList;
			buildConfigurations = (
				F3165E041AC52DF200685406 /* Debug */,
				F3165E051AC52DF200685406 /* Release */,
			);
			defaultConfigurationIsVisible = 0;
		};
		F3165E061AC52DF200685406 /* Build configuration list for PBXNativeTarget "happyMoneyTests" */ = {
			isa = XCConfigurationList;
			buildConfigurations = (
				F3165E071AC52DF200685406 /* Debug */,
				F3165E081AC52DF200685406 /* Release */,
			);
			defaultConfigurationIsVisible = 0;
		};
/* End XCConfigurationList section */
	};
	rootObject = F3165DD81AC52DF200685406 /* Project object */;
}
